{"is_source_file": false, "format": "", "description": "", "external_files": [], "external_methods": [], "published": [], "classes": [], "methods": [], "calls": [], "search-terms": [], "state": 2, "file_id": 72, "knowledge_revision": 205, "git_revision": "", "hash": "89a2395575dcc71614ee3c3d1864027a", "format-version": 4, "code-base-name": "default", "filename": "frontend_app_workspace/frontend_app/macos/Runner.xcodeproj/project.pbxproj", "revision_history": [{"205": ""}]}