{"is_source_file": false, "format": "", "description": "", "external_files": [], "external_methods": [], "published": [], "classes": [], "methods": [], "calls": [], "search-terms": [], "state": 2, "file_id": 115, "knowledge_revision": 245, "git_revision": "", "hash": "2644f9c892d202030484ac6ef4cba9b9", "format-version": 4, "code-base-name": "default", "filename": "frontend_app_workspace/frontend_app/ios/Runner.xcodeproj/project.pbxproj", "revision_history": [{"245": ""}]}